// !$*UTF8*$!
{
	archiveVersion = 1;
	classes = {
	};
	objectVersion = 56;
	objects = {

/* Begin PBXBuildFile section */
		28567A0D2B7BDC7200C41E6C /* appicon.jpeg in Resources */ = {isa = PBXBuildFile; fileRef = 28567A0C2B7BDC7200C41E6C /* appicon.jpeg */; };
		2881B4822B7AB57800039F99 /* MaximilianZierbuchstaben.ttf in Resources */ = {isa = PBXBuildFile; fileRef = 2881B47F2B7AB57800039F99 /* MaximilianZierbuchstaben.ttf */; };
		2881B4832B7AB57800039F99 /* 1529 Champ Fleury W01 Regular.ttf in Resources */ = {isa = PBXBuildFile; fileRef = 2881B4802B7AB57800039F99 /* 1529 Champ Fleury W01 Regular.ttf */; };
		2881B4842B7AB57800039F99 /* Maximilian.ttf in Resources */ = {isa = PBXBuildFile; fileRef = 2881B4812B7AB57800039F99 /* Maximilian.ttf */; };
		2881B4A82B7AB58100039F99 /* Roll@2x.png in Resources */ = {isa = PBXBuildFile; fileRef = 2881B4872B7AB58100039F99 /* Roll@2x.png */; };
		2881B4A92B7AB58100039F99 /* Roll@3x.png in Resources */ = {isa = PBXBuildFile; fileRef = 2881B4882B7AB58100039F99 /* Roll@3x.png */; };
		2881B4AA2B7AB58100039F99 /* Roll.png in Resources */ = {isa = PBXBuildFile; fileRef = 2881B4892B7AB58100039F99 /* Roll.png */; };
		2881B4AB2B7AB58100039F99 /* Dice1@2x.png in Resources */ = {isa = PBXBuildFile; fileRef = 2881B48B2B7AB58100039F99 /* Dice1@2x.png */; };
		2881B4AC2B7AB58100039F99 /* Dice1@3x.png in Resources */ = {isa = PBXBuildFile; fileRef = 2881B48C2B7AB58100039F99 /* Dice1@3x.png */; };
		2881B4AD2B7AB58100039F99 /* Dice1.png in Resources */ = {isa = PBXBuildFile; fileRef = 2881B48D2B7AB58100039F99 /* Dice1.png */; };
		2881B4AE2B7AB58100039F99 /* Cover.jpeg in Resources */ = {isa = PBXBuildFile; fileRef = 2881B48F2B7AB58100039F99 /* Cover.jpeg */; };
		2881B4AF2B7AB58100039F99 /* Dice6.png in Resources */ = {isa = PBXBuildFile; fileRef = 2881B4912B7AB58100039F99 /* Dice6.png */; };
		2881B4B02B7AB58100039F99 /* Dice6@2x.png in Resources */ = {isa = PBXBuildFile; fileRef = 2881B4922B7AB58100039F99 /* Dice6@2x.png */; };
		2881B4B12B7AB58100039F99 /* Dice6@3x.png in Resources */ = {isa = PBXBuildFile; fileRef = 2881B4932B7AB58100039F99 /* Dice6@3x.png */; };
		2881B4B22B7AB58100039F99 /* dicepic(1).png in Resources */ = {isa = PBXBuildFile; fileRef = 2881B4952B7AB58100039F99 /* dicepic(1).png */; };
		2881B4B32B7AB58100039F99 /* Dice3@3x.png in Resources */ = {isa = PBXBuildFile; fileRef = 2881B4972B7AB58100039F99 /* Dice3@3x.png */; };
		2881B4B42B7AB58100039F99 /* Dice3@2x.png in Resources */ = {isa = PBXBuildFile; fileRef = 2881B4982B7AB58100039F99 /* Dice3@2x.png */; };
		2881B4B52B7AB58100039F99 /* Dice3.png in Resources */ = {isa = PBXBuildFile; fileRef = 2881B4992B7AB58100039F99 /* Dice3.png */; };
		2881B4B62B7AB58100039F99 /* Dice2@3x.png in Resources */ = {isa = PBXBuildFile; fileRef = 2881B49B2B7AB58100039F99 /* Dice2@3x.png */; };
		2881B4B72B7AB58100039F99 /* Dice2.png in Resources */ = {isa = PBXBuildFile; fileRef = 2881B49C2B7AB58100039F99 /* Dice2.png */; };
		2881B4B82B7AB58100039F99 /* Dice2@2x.png in Resources */ = {isa = PBXBuildFile; fileRef = 2881B49D2B7AB58100039F99 /* Dice2@2x.png */; };
		2881B4BA2B7AB58100039F99 /* Dice4.png in Resources */ = {isa = PBXBuildFile; fileRef = 2881B4A12B7AB58100039F99 /* Dice4.png */; };
		2881B4BB2B7AB58100039F99 /* Dice4@3x.png in Resources */ = {isa = PBXBuildFile; fileRef = 2881B4A22B7AB58100039F99 /* Dice4@3x.png */; };
		2881B4BC2B7AB58100039F99 /* Dice4@2x.png in Resources */ = {isa = PBXBuildFile; fileRef = 2881B4A32B7AB58100039F99 /* Dice4@2x.png */; };
		2881B4BD2B7AB58100039F99 /* Dice5@3x.png in Resources */ = {isa = PBXBuildFile; fileRef = 2881B4A52B7AB58100039F99 /* Dice5@3x.png */; };
		2881B4BE2B7AB58100039F99 /* Dice5@2x.png in Resources */ = {isa = PBXBuildFile; fileRef = 2881B4A62B7AB58100039F99 /* Dice5@2x.png */; };
		2881B4BF2B7AB58100039F99 /* Dice5.png in Resources */ = {isa = PBXBuildFile; fileRef = 2881B4A72B7AB58100039F99 /* Dice5.png */; };
		2889C95C2B7BF7AF0017848B /* GameView.swift in Sources */ = {isa = PBXBuildFile; fileRef = 2889C95B2B7BF7AF0017848B /* GameView.swift */; };
		2889C95E2B7BFCAC0017848B /* RulesView.swift in Sources */ = {isa = PBXBuildFile; fileRef = 2889C95D2B7BFCAC0017848B /* RulesView.swift */; };
		2889C9602B7C012A0017848B /* AboutView.swift in Sources */ = {isa = PBXBuildFile; fileRef = 2889C95F2B7C012A0017848B /* AboutView.swift */; };
		2889C96A2B7C1B350017848B /* CustomBackButton.swift in Sources */ = {isa = PBXBuildFile; fileRef = 2889C9692B7C1B350017848B /* CustomBackButton.swift */; };
		2892EE932B79A61000CC97A3 /* Rules.swift in Sources */ = {isa = PBXBuildFile; fileRef = 2892EE922B79A61000CC97A3 /* Rules.swift */; };
		2892EE972B79C89900CC97A3 /* About.swift in Sources */ = {isa = PBXBuildFile; fileRef = 2892EE962B79C89900CC97A3 /* About.swift */; };
		28C5CFDC2B7B2877003AF3A4 /* logo.png in Resources */ = {isa = PBXBuildFile; fileRef = 28C5CFDB2B7B2877003AF3A4 /* logo.png */; };
		28D6AC1B2B7879CC00721385 /* Henry_sJoyApp.swift in Sources */ = {isa = PBXBuildFile; fileRef = 28D6AC1A2B7879CC00721385 /* Henry_sJoyApp.swift */; };
		28D6AC1D2B7879CC00721385 /* FarkleGame.swift in Sources */ = {isa = PBXBuildFile; fileRef = 28D6AC1C2B7879CC00721385 /* FarkleGame.swift */; };
		28D6AC1F2B7879CE00721385 /* Assets.xcassets in Resources */ = {isa = PBXBuildFile; fileRef = 28D6AC1E2B7879CE00721385 /* Assets.xcassets */; };
		28D6AC232B7879CE00721385 /* Preview Assets.xcassets in Resources */ = {isa = PBXBuildFile; fileRef = 28D6AC222B7879CE00721385 /* Preview Assets.xcassets */; };
		28D6AC2D2B7879CE00721385 /* Henry_sJoyTests.swift in Sources */ = {isa = PBXBuildFile; fileRef = 28D6AC2C2B7879CE00721385 /* Henry_sJoyTests.swift */; };
		28D6AC372B7879CE00721385 /* Henry_sJoyUITests.swift in Sources */ = {isa = PBXBuildFile; fileRef = 28D6AC362B7879CE00721385 /* Henry_sJoyUITests.swift */; };
		28D6AC392B7879CE00721385 /* Henry_sJoyUITestsLaunchTests.swift in Sources */ = {isa = PBXBuildFile; fileRef = 28D6AC382B7879CE00721385 /* Henry_sJoyUITestsLaunchTests.swift */; };
		28D6AC472B787A7C00721385 /* diceTable.swift in Sources */ = {isa = PBXBuildFile; fileRef = 28D6AC462B787A7C00721385 /* diceTable.swift */; };
		28D6AC492B787AA800721385 /* HenryZone.swift in Sources */ = {isa = PBXBuildFile; fileRef = 28D6AC482B787AA800721385 /* HenryZone.swift */; };
		28D6AC4B2B787B3B00721385 /* CoreGameComponent.swift in Sources */ = {isa = PBXBuildFile; fileRef = 28D6AC4A2B787B3B00721385 /* CoreGameComponent.swift */; };
		28D6AC4D2B787B4F00721385 /* GamblerZone.swift in Sources */ = {isa = PBXBuildFile; fileRef = 28D6AC4C2B787B4F00721385 /* GamblerZone.swift */; };
/* End PBXBuildFile section */

/* Begin PBXContainerItemProxy section */
		28D6AC292B7879CE00721385 /* PBXContainerItemProxy */ = {
			isa = PBXContainerItemProxy;
			containerPortal = 28D6AC0F2B7879CC00721385 /* Project object */;
			proxyType = 1;
			remoteGlobalIDString = 28D6AC162B7879CC00721385;
			remoteInfo = "Henry'sJoy";
		};
		28D6AC332B7879CE00721385 /* PBXContainerItemProxy */ = {
			isa = PBXContainerItemProxy;
			containerPortal = 28D6AC0F2B7879CC00721385 /* Project object */;
			proxyType = 1;
			remoteGlobalIDString = 28D6AC162B7879CC00721385;
			remoteInfo = "Henry'sJoy";
		};
/* End PBXContainerItemProxy section */

/* Begin PBXFileReference section */
		28567A0C2B7BDC7200C41E6C /* appicon.jpeg */ = {isa = PBXFileReference; lastKnownFileType = image.jpeg; path = appicon.jpeg; sourceTree = "<group>"; };
		2881B47F2B7AB57800039F99 /* MaximilianZierbuchstaben.ttf */ = {isa = PBXFileReference; lastKnownFileType = file; path = MaximilianZierbuchstaben.ttf; sourceTree = "<group>"; };
		2881B4802B7AB57800039F99 /* 1529 Champ Fleury W01 Regular.ttf */ = {isa = PBXFileReference; lastKnownFileType = file; path = "1529 Champ Fleury W01 Regular.ttf"; sourceTree = "<group>"; };
		2881B4812B7AB57800039F99 /* Maximilian.ttf */ = {isa = PBXFileReference; lastKnownFileType = file; path = Maximilian.ttf; sourceTree = "<group>"; };
		2881B4872B7AB58100039F99 /* Roll@2x.png */ = {isa = PBXFileReference; lastKnownFileType = image.png; path = "Roll@2x.png"; sourceTree = "<group>"; };
		2881B4882B7AB58100039F99 /* Roll@3x.png */ = {isa = PBXFileReference; lastKnownFileType = image.png; path = "Roll@3x.png"; sourceTree = "<group>"; };
		2881B4892B7AB58100039F99 /* Roll.png */ = {isa = PBXFileReference; lastKnownFileType = image.png; path = Roll.png; sourceTree = "<group>"; };
		2881B48B2B7AB58100039F99 /* Dice1@2x.png */ = {isa = PBXFileReference; lastKnownFileType = image.png; path = "Dice1@2x.png"; sourceTree = "<group>"; };
		2881B48C2B7AB58100039F99 /* Dice1@3x.png */ = {isa = PBXFileReference; lastKnownFileType = image.png; path = "Dice1@3x.png"; sourceTree = "<group>"; };
		2881B48D2B7AB58100039F99 /* Dice1.png */ = {isa = PBXFileReference; lastKnownFileType = image.png; path = Dice1.png; sourceTree = "<group>"; };
		2881B48F2B7AB58100039F99 /* Cover.jpeg */ = {isa = PBXFileReference; lastKnownFileType = image.jpeg; path = Cover.jpeg; sourceTree = "<group>"; };
		2881B4912B7AB58100039F99 /* Dice6.png */ = {isa = PBXFileReference; lastKnownFileType = image.png; path = Dice6.png; sourceTree = "<group>"; };
		2881B4922B7AB58100039F99 /* Dice6@2x.png */ = {isa = PBXFileReference; lastKnownFileType = image.png; path = "Dice6@2x.png"; sourceTree = "<group>"; };
		2881B4932B7AB58100039F99 /* Dice6@3x.png */ = {isa = PBXFileReference; lastKnownFileType = image.png; path = "Dice6@3x.png"; sourceTree = "<group>"; };
		2881B4952B7AB58100039F99 /* dicepic(1).png */ = {isa = PBXFileReference; lastKnownFileType = image.png; path = "dicepic(1).png"; sourceTree = "<group>"; };
		2881B4972B7AB58100039F99 /* Dice3@3x.png */ = {isa = PBXFileReference; lastKnownFileType = image.png; path = "Dice3@3x.png"; sourceTree = "<group>"; };
		2881B4982B7AB58100039F99 /* Dice3@2x.png */ = {isa = PBXFileReference; lastKnownFileType = image.png; path = "Dice3@2x.png"; sourceTree = "<group>"; };
		2881B4992B7AB58100039F99 /* Dice3.png */ = {isa = PBXFileReference; lastKnownFileType = image.png; path = Dice3.png; sourceTree = "<group>"; };
		2881B49B2B7AB58100039F99 /* Dice2@3x.png */ = {isa = PBXFileReference; lastKnownFileType = image.png; path = "Dice2@3x.png"; sourceTree = "<group>"; };
		2881B49C2B7AB58100039F99 /* Dice2.png */ = {isa = PBXFileReference; lastKnownFileType = image.png; path = Dice2.png; sourceTree = "<group>"; };
		2881B49D2B7AB58100039F99 /* Dice2@2x.png */ = {isa = PBXFileReference; lastKnownFileType = image.png; path = "Dice2@2x.png"; sourceTree = "<group>"; };
		2881B4A12B7AB58100039F99 /* Dice4.png */ = {isa = PBXFileReference; lastKnownFileType = image.png; path = Dice4.png; sourceTree = "<group>"; };
		2881B4A22B7AB58100039F99 /* Dice4@3x.png */ = {isa = PBXFileReference; lastKnownFileType = image.png; path = "Dice4@3x.png"; sourceTree = "<group>"; };
		2881B4A32B7AB58100039F99 /* Dice4@2x.png */ = {isa = PBXFileReference; lastKnownFileType = image.png; path = "Dice4@2x.png"; sourceTree = "<group>"; };
		2881B4A52B7AB58100039F99 /* Dice5@3x.png */ = {isa = PBXFileReference; lastKnownFileType = image.png; path = "Dice5@3x.png"; sourceTree = "<group>"; };
		2881B4A62B7AB58100039F99 /* Dice5@2x.png */ = {isa = PBXFileReference; lastKnownFileType = image.png; path = "Dice5@2x.png"; sourceTree = "<group>"; };
		2881B4A72B7AB58100039F99 /* Dice5.png */ = {isa = PBXFileReference; lastKnownFileType = image.png; path = Dice5.png; sourceTree = "<group>"; };
		2889C95B2B7BF7AF0017848B /* GameView.swift */ = {isa = PBXFileReference; lastKnownFileType = sourcecode.swift; path = GameView.swift; sourceTree = "<group>"; };
		2889C95D2B7BFCAC0017848B /* RulesView.swift */ = {isa = PBXFileReference; lastKnownFileType = sourcecode.swift; path = RulesView.swift; sourceTree = "<group>"; };
		2889C95F2B7C012A0017848B /* AboutView.swift */ = {isa = PBXFileReference; lastKnownFileType = sourcecode.swift; path = AboutView.swift; sourceTree = "<group>"; };
		2889C9692B7C1B350017848B /* CustomBackButton.swift */ = {isa = PBXFileReference; lastKnownFileType = sourcecode.swift; path = CustomBackButton.swift; sourceTree = "<group>"; };
		2892EE8D2B798E0A00CC97A3 /* Henry-sJoy-Info.plist */ = {isa = PBXFileReference; lastKnownFileType = text.plist; path = "Henry-sJoy-Info.plist"; sourceTree = SOURCE_ROOT; };
		2892EE922B79A61000CC97A3 /* Rules.swift */ = {isa = PBXFileReference; lastKnownFileType = sourcecode.swift; path = Rules.swift; sourceTree = "<group>"; };
		2892EE962B79C89900CC97A3 /* About.swift */ = {isa = PBXFileReference; lastKnownFileType = sourcecode.swift; path = About.swift; sourceTree = "<group>"; };
		28C5CFDB2B7B2877003AF3A4 /* logo.png */ = {isa = PBXFileReference; lastKnownFileType = image.png; path = logo.png; sourceTree = "<group>"; };
		28D6AC172B7879CC00721385 /* Henry'sJoy.app */ = {isa = PBXFileReference; explicitFileType = wrapper.application; includeInIndex = 0; path = "Henry'sJoy.app"; sourceTree = BUILT_PRODUCTS_DIR; };
		28D6AC1A2B7879CC00721385 /* Henry_sJoyApp.swift */ = {isa = PBXFileReference; lastKnownFileType = sourcecode.swift; path = Henry_sJoyApp.swift; sourceTree = "<group>"; };
		28D6AC1C2B7879CC00721385 /* FarkleGame.swift */ = {isa = PBXFileReference; lastKnownFileType = sourcecode.swift; path = FarkleGame.swift; sourceTree = "<group>"; };
		28D6AC1E2B7879CE00721385 /* Assets.xcassets */ = {isa = PBXFileReference; lastKnownFileType = folder.assetcatalog; path = Assets.xcassets; sourceTree = "<group>"; };
		28D6AC202B7879CE00721385 /* Henry_sJoy.entitlements */ = {isa = PBXFileReference; lastKnownFileType = text.plist.entitlements; path = Henry_sJoy.entitlements; sourceTree = "<group>"; };
		28D6AC222B7879CE00721385 /* Preview Assets.xcassets */ = {isa = PBXFileReference; lastKnownFileType = folder.assetcatalog; path = "Preview Assets.xcassets"; sourceTree = "<group>"; };
		28D6AC282B7879CE00721385 /* Henry'sJoyTests.xctest */ = {isa = PBXFileReference; explicitFileType = wrapper.cfbundle; includeInIndex = 0; path = "Henry'sJoyTests.xctest"; sourceTree = BUILT_PRODUCTS_DIR; };
		28D6AC2C2B7879CE00721385 /* Henry_sJoyTests.swift */ = {isa = PBXFileReference; lastKnownFileType = sourcecode.swift; path = Henry_sJoyTests.swift; sourceTree = "<group>"; };
		28D6AC322B7879CE00721385 /* Henry'sJoyUITests.xctest */ = {isa = PBXFileReference; explicitFileType = wrapper.cfbundle; includeInIndex = 0; path = "Henry'sJoyUITests.xctest"; sourceTree = BUILT_PRODUCTS_DIR; };
		28D6AC362B7879CE00721385 /* Henry_sJoyUITests.swift */ = {isa = PBXFileReference; lastKnownFileType = sourcecode.swift; path = Henry_sJoyUITests.swift; sourceTree = "<group>"; };
		28D6AC382B7879CE00721385 /* Henry_sJoyUITestsLaunchTests.swift */ = {isa = PBXFileReference; lastKnownFileType = sourcecode.swift; path = Henry_sJoyUITestsLaunchTests.swift; sourceTree = "<group>"; };
		28D6AC462B787A7C00721385 /* diceTable.swift */ = {isa = PBXFileReference; lastKnownFileType = sourcecode.swift; path = diceTable.swift; sourceTree = "<group>"; };
		28D6AC482B787AA800721385 /* HenryZone.swift */ = {isa = PBXFileReference; lastKnownFileType = sourcecode.swift; path = HenryZone.swift; sourceTree = "<group>"; };
		28D6AC4A2B787B3B00721385 /* CoreGameComponent.swift */ = {isa = PBXFileReference; lastKnownFileType = sourcecode.swift; path = CoreGameComponent.swift; sourceTree = "<group>"; };
		28D6AC4C2B787B4F00721385 /* GamblerZone.swift */ = {isa = PBXFileReference; lastKnownFileType = sourcecode.swift; path = GamblerZone.swift; sourceTree = "<group>"; };
/* End PBXFileReference section */

/* Begin PBXFrameworksBuildPhase section */
		28D6AC142B7879CC00721385 /* Frameworks */ = {
			isa = PBXFrameworksBuildPhase;
			buildActionMask = 2147483647;
			files = (
			);
			runOnlyForDeploymentPostprocessing = 0;
		};
		28D6AC252B7879CE00721385 /* Frameworks */ = {
			isa = PBXFrameworksBuildPhase;
			buildActionMask = 2147483647;
			files = (
			);
			runOnlyForDeploymentPostprocessing = 0;
		};
		28D6AC2F2B7879CE00721385 /* Frameworks */ = {
			isa = PBXFrameworksBuildPhase;
			buildActionMask = 2147483647;
			files = (
			);
			runOnlyForDeploymentPostprocessing = 0;
		};
/* End PBXFrameworksBuildPhase section */

/* Begin PBXGroup section */
		28567A0B2B7BDB8800C41E6C /* appicon.imageset */ = {
			isa = PBXGroup;
			children = (
				28567A0C2B7BDC7200C41E6C /* appicon.jpeg */,
			);
			path = appicon.imageset;
			sourceTree = "<group>";
		};
		2881B47E2B7AB57800039F99 /* fonts */ = {
			isa = PBXGroup;
			children = (
				2881B47F2B7AB57800039F99 /* MaximilianZierbuchstaben.ttf */,
				2881B4802B7AB57800039F99 /* 1529 Champ Fleury W01 Regular.ttf */,
				2881B4812B7AB57800039F99 /* Maximilian.ttf */,
			);
			path = fonts;
			sourceTree = "<group>";
		};
		2881B4852B7AB58100039F99 /* images */ = {
			isa = PBXGroup;
			children = (
				28567A0B2B7BDB8800C41E6C /* appicon.imageset */,
				28C5CFDA2B7B2877003AF3A4 /* logo.imageset */,
				2881B4862B7AB58100039F99 /* Roll.imageset */,
				2881B48A2B7AB58100039F99 /* Dice1.imageset */,
				2881B48E2B7AB58100039F99 /* Cover.imageset */,
				2881B4902B7AB58100039F99 /* Dice6.imageset */,
				2881B4942B7AB58100039F99 /* AppIcon.appiconset */,
				2881B4962B7AB58100039F99 /* Dice3.imageset */,
				2881B49A2B7AB58100039F99 /* Dice2.imageset */,
				2881B4A02B7AB58100039F99 /* Dice4.imageset */,
				2881B4A42B7AB58100039F99 /* Dice5.imageset */,
			);
			path = images;
			sourceTree = "<group>";
		};
		2881B4862B7AB58100039F99 /* Roll.imageset */ = {
			isa = PBXGroup;
			children = (
				2881B4872B7AB58100039F99 /* Roll@2x.png */,
				2881B4882B7AB58100039F99 /* Roll@3x.png */,
				2881B4892B7AB58100039F99 /* Roll.png */,
			);
			path = Roll.imageset;
			sourceTree = "<group>";
		};
		2881B48A2B7AB58100039F99 /* Dice1.imageset */ = {
			isa = PBXGroup;
			children = (
				2881B48B2B7AB58100039F99 /* Dice1@2x.png */,
				2881B48C2B7AB58100039F99 /* Dice1@3x.png */,
				2881B48D2B7AB58100039F99 /* Dice1.png */,
			);
			path = Dice1.imageset;
			sourceTree = "<group>";
		};
		2881B48E2B7AB58100039F99 /* Cover.imageset */ = {
			isa = PBXGroup;
			children = (
				2881B48F2B7AB58100039F99 /* Cover.jpeg */,
			);
			path = Cover.imageset;
			sourceTree = "<group>";
		};
		2881B4902B7AB58100039F99 /* Dice6.imageset */ = {
			isa = PBXGroup;
			children = (
				2881B4912B7AB58100039F99 /* Dice6.png */,
				2881B4922B7AB58100039F99 /* Dice6@2x.png */,
				2881B4932B7AB58100039F99 /* Dice6@3x.png */,
			);
			path = Dice6.imageset;
			sourceTree = "<group>";
		};
		2881B4942B7AB58100039F99 /* AppIcon.appiconset */ = {
			isa = PBXGroup;
			children = (
				2881B4952B7AB58100039F99 /* dicepic(1).png */,
			);
			path = AppIcon.appiconset;
			sourceTree = "<group>";
		};
		2881B4962B7AB58100039F99 /* Dice3.imageset */ = {
			isa = PBXGroup;
			children = (
				2881B4972B7AB58100039F99 /* Dice3@3x.png */,
				2881B4982B7AB58100039F99 /* Dice3@2x.png */,
				2881B4992B7AB58100039F99 /* Dice3.png */,
			);
			path = Dice3.imageset;
			sourceTree = "<group>";
		};
		2881B49A2B7AB58100039F99 /* Dice2.imageset */ = {
			isa = PBXGroup;
			children = (
				2881B49B2B7AB58100039F99 /* Dice2@3x.png */,
				2881B49C2B7AB58100039F99 /* Dice2.png */,
				2881B49D2B7AB58100039F99 /* Dice2@2x.png */,
			);
			path = Dice2.imageset;
			sourceTree = "<group>";
		};
		2881B4A02B7AB58100039F99 /* Dice4.imageset */ = {
			isa = PBXGroup;
			children = (
				2881B4A12B7AB58100039F99 /* Dice4.png */,
				2881B4A22B7AB58100039F99 /* Dice4@3x.png */,
				2881B4A32B7AB58100039F99 /* Dice4@2x.png */,
			);
			path = Dice4.imageset;
			sourceTree = "<group>";
		};
		2881B4A42B7AB58100039F99 /* Dice5.imageset */ = {
			isa = PBXGroup;
			children = (
				2881B4A52B7AB58100039F99 /* Dice5@3x.png */,
				2881B4A62B7AB58100039F99 /* Dice5@2x.png */,
				2881B4A72B7AB58100039F99 /* Dice5.png */,
			);
			path = Dice5.imageset;
			sourceTree = "<group>";
		};
		2889C9672B7C1B120017848B /* Utils */ = {
			isa = PBXGroup;
			children = (
				2889C9692B7C1B350017848B /* CustomBackButton.swift */,
			);
			path = Utils;
			sourceTree = "<group>";
		};
		2892EE882B798B2600CC97A3 /* assets */ = {
			isa = PBXGroup;
			children = (
				2881B4852B7AB58100039F99 /* images */,
				2881B47E2B7AB57800039F99 /* fonts */,
			);
			path = assets;
			sourceTree = "<group>";
		};
		2892EE942B79BB8300CC97A3 /* screens */ = {
			isa = PBXGroup;
			children = (
				28DD3AD52B7A648A00652D9F /* About.component */,
				28DD3AD42B7A647A00652D9F /* Rules.component */,
				2892EE952B79BBD000CC97A3 /* diceTable.component */,
			);
			path = screens;
			sourceTree = "<group>";
		};
		2892EE952B79BBD000CC97A3 /* diceTable.component */ = {
			isa = PBXGroup;
			children = (
				28D6AC452B787A5500721385 /* diceTable.subComponents */,
				2889C95B2B7BF7AF0017848B /* GameView.swift */,
			);
			path = diceTable.component;
			sourceTree = "<group>";
		};
		28C5CFDA2B7B2877003AF3A4 /* logo.imageset */ = {
			isa = PBXGroup;
			children = (
				28C5CFDB2B7B2877003AF3A4 /* logo.png */,
			);
			path = logo.imageset;
			sourceTree = "<group>";
		};
		28D6AC0E2B7879CC00721385 = {
			isa = PBXGroup;
			children = (
				28D6AC192B7879CC00721385 /* Henry'sJoy */,
				28D6AC2B2B7879CE00721385 /* Henry'sJoyTests */,
				28D6AC352B7879CE00721385 /* Henry'sJoyUITests */,
				28D6AC182B7879CC00721385 /* Products */,
			);
			sourceTree = "<group>";
		};
		28D6AC182B7879CC00721385 /* Products */ = {
			isa = PBXGroup;
			children = (
				28D6AC172B7879CC00721385 /* Henry'sJoy.app */,
				28D6AC282B7879CE00721385 /* Henry'sJoyTests.xctest */,
				28D6AC322B7879CE00721385 /* Henry'sJoyUITests.xctest */,
			);
			name = Products;
			sourceTree = "<group>";
		};
		28D6AC192B7879CC00721385 /* Henry'sJoy */ = {
			isa = PBXGroup;
			children = (
				2889C9672B7C1B120017848B /* Utils */,
				28DD3AD62B7A64AD00652D9F /* scripts */,
				2892EE942B79BB8300CC97A3 /* screens */,
				2892EE8D2B798E0A00CC97A3 /* Henry-sJoy-Info.plist */,
				2892EE882B798B2600CC97A3 /* assets */,
				28D6AC1A2B7879CC00721385 /* Henry_sJoyApp.swift */,
				28D6AC1C2B7879CC00721385 /* FarkleGame.swift */,
				28D6AC1E2B7879CE00721385 /* Assets.xcassets */,
				28D6AC202B7879CE00721385 /* Henry_sJoy.entitlements */,
				28D6AC212B7879CE00721385 /* Preview Content */,
			);
			path = "Henry'sJoy";
			sourceTree = "<group>";
		};
		28D6AC212B7879CE00721385 /* Preview Content */ = {
			isa = PBXGroup;
			children = (
				28D6AC222B7879CE00721385 /* Preview Assets.xcassets */,
			);
			path = "Preview Content";
			sourceTree = "<group>";
		};
		28D6AC2B2B7879CE00721385 /* Henry'sJoyTests */ = {
			isa = PBXGroup;
			children = (
				28D6AC2C2B7879CE00721385 /* Henry_sJoyTests.swift */,
			);
			path = "Henry'sJoyTests";
			sourceTree = "<group>";
		};
		28D6AC352B7879CE00721385 /* Henry'sJoyUITests */ = {
			isa = PBXGroup;
			children = (
				28D6AC362B7879CE00721385 /* Henry_sJoyUITests.swift */,
				28D6AC382B7879CE00721385 /* Henry_sJoyUITestsLaunchTests.swift */,
			);
			path = "Henry'sJoyUITests";
			sourceTree = "<group>";
		};
		28D6AC452B787A5500721385 /* diceTable.subComponents */ = {
			isa = PBXGroup;
			children = (
				28D6AC462B787A7C00721385 /* diceTable.swift */,
				28D6AC482B787AA800721385 /* HenryZone.swift */,
				28D6AC4C2B787B4F00721385 /* GamblerZone.swift */,
			);
			path = diceTable.subComponents;
			sourceTree = "<group>";
		};
		28DD3AD42B7A647A00652D9F /* Rules.component */ = {
			isa = PBXGroup;
			children = (
				2892EE922B79A61000CC97A3 /* Rules.swift */,
				2889C95D2B7BFCAC0017848B /* RulesView.swift */,
			);
			path = Rules.component;
			sourceTree = "<group>";
		};
		28DD3AD52B7A648A00652D9F /* About.component */ = {
			isa = PBXGroup;
			children = (
				2892EE962B79C89900CC97A3 /* About.swift */,
				2889C95F2B7C012A0017848B /* AboutView.swift */,
			);
			path = About.component;
			sourceTree = "<group>";
		};
		28DD3AD62B7A64AD00652D9F /* scripts */ = {
			isa = PBXGroup;
			children = (
				28D6AC4A2B787B3B00721385 /* CoreGameComponent.swift */,
			);
			path = scripts;
			sourceTree = "<group>";
		};
/* End PBXGroup section */

/* Begin PBXNativeTarget section */
		28D6AC162B7879CC00721385 /* Henry'sJoy */ = {
			isa = PBXNativeTarget;
			buildConfigurationList = 28D6AC3C2B7879CE00721385 /* Build configuration list for PBXNativeTarget "Henry'sJoy" */;
			buildPhases = (
				28D6AC132B7879CC00721385 /* Sources */,
				28D6AC142B7879CC00721385 /* Frameworks */,
				28D6AC152B7879CC00721385 /* Resources */,
			);
			buildRules = (
			);
			dependencies = (
			);
			name = "Henry'sJoy";
			productName = "Henry'sJoy";
			productReference = 28D6AC172B7879CC00721385 /* Henry'sJoy.app */;
			productType = "com.apple.product-type.application";
		};
		28D6AC272B7879CE00721385 /* Henry'sJoyTests */ = {
			isa = PBXNativeTarget;
			buildConfigurationList = 28D6AC3F2B7879CE00721385 /* Build configuration list for PBXNativeTarget "Henry'sJoyTests" */;
			buildPhases = (
				28D6AC242B7879CE00721385 /* Sources */,
				28D6AC252B7879CE00721385 /* Frameworks */,
				28D6AC262B7879CE00721385 /* Resources */,
			);
			buildRules = (
			);
			dependencies = (
				28D6AC2A2B7879CE00721385 /* PBXTargetDependency */,
			);
			name = "Henry'sJoyTests";
			productName = "Henry'sJoyTests";
			productReference = 28D6AC282B7879CE00721385 /* Henry'sJoyTests.xctest */;
			productType = "com.apple.product-type.bundle.unit-test";
		};
		28D6AC312B7879CE00721385 /* Henry'sJoyUITests */ = {
			isa = PBXNativeTarget;
			buildConfigurationList = 28D6AC422B7879CE00721385 /* Build configuration list for PBXNativeTarget "Henry'sJoyUITests" */;
			buildPhases = (
				28D6AC2E2B7879CE00721385 /* Sources */,
				28D6AC2F2B7879CE00721385 /* Frameworks */,
				28D6AC302B7879CE00721385 /* Resources */,
			);
			buildRules = (
			);
			dependencies = (
				28D6AC342B7879CE00721385 /* PBXTargetDependency */,
			);
			name = "Henry'sJoyUITests";
			productName = "Henry'sJoyUITests";
			productReference = 28D6AC322B7879CE00721385 /* Henry'sJoyUITests.xctest */;
			productType = "com.apple.product-type.bundle.ui-testing";
		};
/* End PBXNativeTarget section */

/* Begin PBXProject section */
		28D6AC0F2B7879CC00721385 /* Project object */ = {
			isa = PBXProject;
			attributes = {
				BuildIndependentTargetsInParallel = 1;
				LastSwiftUpdateCheck = 1520;
				LastUpgradeCheck = 1520;
				TargetAttributes = {
					28D6AC162B7879CC00721385 = {
						CreatedOnToolsVersion = 15.2;
					};
					28D6AC272B7879CE00721385 = {
						CreatedOnToolsVersion = 15.2;
						TestTargetID = 28D6AC162B7879CC00721385;
					};
					28D6AC312B7879CE00721385 = {
						CreatedOnToolsVersion = 15.2;
						TestTargetID = 28D6AC162B7879CC00721385;
					};
				};
			};
			buildConfigurationList = 28D6AC122B7879CC00721385 /* Build configuration list for PBXProject "Henry'sJoy" */;
			compatibilityVersion = "Xcode 14.0";
			developmentRegion = en;
			hasScannedForEncodings = 0;
			knownRegions = (
				en,
				Base,
			);
			mainGroup = 28D6AC0E2B7879CC00721385;
			productRefGroup = 28D6AC182B7879CC00721385 /* Products */;
			projectDirPath = "";
			projectRoot = "";
			targets = (
				28D6AC162B7879CC00721385 /* Henry'sJoy */,
				28D6AC272B7879CE00721385 /* Henry'sJoyTests */,
				28D6AC312B7879CE00721385 /* Henry'sJoyUITests */,
			);
		};
/* End PBXProject section */

/* Begin PBXResourcesBuildPhase section */
		28D6AC152B7879CC00721385 /* Resources */ = {
			isa = PBXResourcesBuildPhase;
			buildActionMask = 2147483647;
			files = (
				2881B4832B7AB57800039F99 /* 1529 Champ Fleury W01 Regular.ttf in Resources */,
				2881B4B42B7AB58100039F99 /* Dice3@2x.png in Resources */,
				2881B4BF2B7AB58100039F99 /* Dice5.png in Resources */,
				2881B4AF2B7AB58100039F99 /* Dice6.png in Resources */,
				28D6AC232B7879CE00721385 /* Preview Assets.xcassets in Resources */,
				28567A0D2B7BDC7200C41E6C /* appicon.jpeg in Resources */,
				2881B4822B7AB57800039F99 /* MaximilianZierbuchstaben.ttf in Resources */,
				2881B4BA2B7AB58100039F99 /* Dice4.png in Resources */,
				2881B4B22B7AB58100039F99 /* dicepic(1).png in Resources */,
				2881B4A82B7AB58100039F99 /* Roll@2x.png in Resources */,
				2881B4AA2B7AB58100039F99 /* Roll.png in Resources */,
				2881B4B72B7AB58100039F99 /* Dice2.png in Resources */,
				2881B4B12B7AB58100039F99 /* Dice6@3x.png in Resources */,
				2881B4AE2B7AB58100039F99 /* Cover.jpeg in Resources */,
				2881B4BB2B7AB58100039F99 /* Dice4@3x.png in Resources */,
				28D6AC1F2B7879CE00721385 /* Assets.xcassets in Resources */,
				2881B4BC2B7AB58100039F99 /* Dice4@2x.png in Resources */,
				2881B4BE2B7AB58100039F99 /* Dice5@2x.png in Resources */,
				2881B4A92B7AB58100039F99 /* Roll@3x.png in Resources */,
				2881B4842B7AB57800039F99 /* Maximilian.ttf in Resources */,
				2881B4AC2B7AB58100039F99 /* Dice1@3x.png in Resources */,
				2881B4AD2B7AB58100039F99 /* Dice1.png in Resources */,
				2881B4B52B7AB58100039F99 /* Dice3.png in Resources */,
				2881B4B02B7AB58100039F99 /* Dice6@2x.png in Resources */,
				2881B4BD2B7AB58100039F99 /* Dice5@3x.png in Resources */,
				2881B4B82B7AB58100039F99 /* Dice2@2x.png in Resources */,
				28C5CFDC2B7B2877003AF3A4 /* logo.png in Resources */,
				2881B4B62B7AB58100039F99 /* Dice2@3x.png in Resources */,
				2881B4AB2B7AB58100039F99 /* Dice1@2x.png in Resources */,
				2881B4B32B7AB58100039F99 /* Dice3@3x.png in Resources */,
			);
			runOnlyForDeploymentPostprocessing = 0;
		};
		28D6AC262B7879CE00721385 /* Resources */ = {
			isa = PBXResourcesBuildPhase;
			buildActionMask = 2147483647;
			files = (
			);
			runOnlyForDeploymentPostprocessing = 0;
		};
		28D6AC302B7879CE00721385 /* Resources */ = {
			isa = PBXResourcesBuildPhase;
			buildActionMask = 2147483647;
			files = (
			);
			runOnlyForDeploymentPostprocessing = 0;
		};
/* End PBXResourcesBuildPhase section */

/* Begin PBXSourcesBuildPhase section */
		28D6AC132B7879CC00721385 /* Sources */ = {
			isa = PBXSourcesBuildPhase;
			buildActionMask = 2147483647;
			files = (
				28D6AC492B787AA800721385 /* HenryZone.swift in Sources */,
				2892EE972B79C89900CC97A3 /* About.swift in Sources */,
				2889C9602B7C012A0017848B /* AboutView.swift in Sources */,
				28D6AC1D2B7879CC00721385 /* FarkleGame.swift in Sources */,
				28D6AC4D2B787B4F00721385 /* GamblerZone.swift in Sources */,
				2889C95C2B7BF7AF0017848B /* GameView.swift in Sources */,
				28D6AC4B2B787B3B00721385 /* CoreGameComponent.swift in Sources */,
				2889C95E2B7BFCAC0017848B /* RulesView.swift in Sources */,
				28D6AC1B2B7879CC00721385 /* Henry_sJoyApp.swift in Sources */,
				2889C96A2B7C1B350017848B /* CustomBackButton.swift in Sources */,
				2892EE932B79A61000CC97A3 /* Rules.swift in Sources */,
				28D6AC472B787A7C00721385 /* diceTable.swift in Sources */,
			);
			runOnlyForDeploymentPostprocessing = 0;
		};
		28D6AC242B7879CE00721385 /* Sources */ = {
			isa = PBXSourcesBuildPhase;
			buildActionMask = 2147483647;
			files = (
				28D6AC2D2B7879CE00721385 /* Henry_sJoyTests.swift in Sources */,
			);
			runOnlyForDeploymentPostprocessing = 0;
		};
		28D6AC2E2B7879CE00721385 /* Sources */ = {
			isa = PBXSourcesBuildPhase;
			buildActionMask = 2147483647;
			files = (
				28D6AC392B7879CE00721385 /* Henry_sJoyUITestsLaunchTests.swift in Sources */,
				28D6AC372B7879CE00721385 /* Henry_sJoyUITests.swift in Sources */,
			);
			runOnlyForDeploymentPostprocessing = 0;
		};
/* End PBXSourcesBuildPhase section */

/* Begin PBXTargetDependency section */
		28D6AC2A2B7879CE00721385 /* PBXTargetDependency */ = {
			isa = PBXTargetDependency;
			target = 28D6AC162B7879CC00721385 /* Henry'sJoy */;
			targetProxy = 28D6AC292B7879CE00721385 /* PBXContainerItemProxy */;
		};
		28D6AC342B7879CE00721385 /* PBXTargetDependency */ = {
			isa = PBXTargetDependency;
			target = 28D6AC162B7879CC00721385 /* Henry'sJoy */;
			targetProxy = 28D6AC332B7879CE00721385 /* PBXContainerItemProxy */;
		};
/* End PBXTargetDependency section */

/* Begin XCBuildConfiguration section */
		28D6AC3A2B7879CE00721385 /* Debug */ = {
			isa = XCBuildConfiguration;
			buildSettings = {
				ALWAYS_SEARCH_USER_PATHS = NO;
				ASSETCATALOG_COMPILER_GENERATE_SWIFT_ASSET_SYMBOL_EXTENSIONS = YES;
				CLANG_ANALYZER_NONNULL = YES;
				CLANG_ANALYZER_NUMBER_OBJECT_CONVERSION = YES_AGGRESSIVE;
				CLANG_CXX_LANGUAGE_STANDARD = "gnu++20";
				CLANG_ENABLE_MODULES = YES;
				CLANG_ENABLE_OBJC_ARC = YES;
				CLANG_ENABLE_OBJC_WEAK = YES;
				CLANG_WARN_BLOCK_CAPTURE_AUTORELEASING = YES;
				CLANG_WARN_BOOL_CONVERSION = YES;
				CLANG_WARN_COMMA = YES;
				CLANG_WARN_CONSTANT_CONVERSION = YES;
				CLANG_WARN_DEPRECATED_OBJC_IMPLEMENTATIONS = YES;
				CLANG_WARN_DIRECT_OBJC_ISA_USAGE = YES_ERROR;
				CLANG_WARN_DOCUMENTATION_COMMENTS = YES;
				CLANG_WARN_EMPTY_BODY = YES;
				CLANG_WARN_ENUM_CONVERSION = YES;
				CLANG_WARN_INFINITE_RECURSION = YES;
				CLANG_WARN_INT_CONVERSION = YES;
				CLANG_WARN_NON_LITERAL_NULL_CONVERSION = YES;
				CLANG_WARN_OBJC_IMPLICIT_RETAIN_SELF = YES;
				CLANG_WARN_OBJC_LITERAL_CONVERSION = YES;
				CLANG_WARN_OBJC_ROOT_CLASS = YES_ERROR;
				CLANG_WARN_QUOTED_INCLUDE_IN_FRAMEWORK_HEADER = YES;
				CLANG_WARN_RANGE_LOOP_ANALYSIS = YES;
				CLANG_WARN_STRICT_PROTOTYPES = YES;
				CLANG_WARN_SUSPICIOUS_MOVE = YES;
				CLANG_WARN_UNGUARDED_AVAILABILITY = YES_AGGRESSIVE;
				CLANG_WARN_UNREACHABLE_CODE = YES;
				CLANG_WARN__DUPLICATE_METHOD_MATCH = YES;
				COPY_PHASE_STRIP = NO;
				DEBUG_INFORMATION_FORMAT = dwarf;
				ENABLE_STRICT_OBJC_MSGSEND = YES;
				ENABLE_TESTABILITY = YES;
				ENABLE_USER_SCRIPT_SANDBOXING = YES;
				GCC_C_LANGUAGE_STANDARD = gnu17;
				GCC_DYNAMIC_NO_PIC = NO;
				GCC_NO_COMMON_BLOCKS = YES;
				GCC_OPTIMIZATION_LEVEL = 0;
				GCC_PREPROCESSOR_DEFINITIONS = (
					"DEBUG=1",
					"$(inherited)",
				);
				GCC_WARN_64_TO_32_BIT_CONVERSION = YES;
				GCC_WARN_ABOUT_RETURN_TYPE = YES_ERROR;
				GCC_WARN_UNDECLARED_SELECTOR = YES;
				GCC_WARN_UNINITIALIZED_AUTOS = YES_AGGRESSIVE;
				GCC_WARN_UNUSED_FUNCTION = YES;
				GCC_WARN_UNUSED_VARIABLE = YES;
				LOCALIZATION_PREFERS_STRING_CATALOGS = YES;
				MTL_ENABLE_DEBUG_INFO = INCLUDE_SOURCE;
				MTL_FAST_MATH = YES;
				ONLY_ACTIVE_ARCH = YES;
				SWIFT_ACTIVE_COMPILATION_CONDITIONS = "DEBUG $(inherited)";
				SWIFT_OPTIMIZATION_LEVEL = "-Onone";
			};
			name = Debug;
		};
		28D6AC3B2B7879CE00721385 /* Release */ = {
			isa = XCBuildConfiguration;
			buildSettings = {
				ALWAYS_SEARCH_USER_PATHS = NO;
				ASSETCATALOG_COMPILER_GENERATE_SWIFT_ASSET_SYMBOL_EXTENSIONS = YES;
				CLANG_ANALYZER_NONNULL = YES;
				CLANG_ANALYZER_NUMBER_OBJECT_CONVERSION = YES_AGGRESSIVE;
				CLANG_CXX_LANGUAGE_STANDARD = "gnu++20";
				CLANG_ENABLE_MODULES = YES;
				CLANG_ENABLE_OBJC_ARC = YES;
				CLANG_ENABLE_OBJC_WEAK = YES;
				CLANG_WARN_BLOCK_CAPTURE_AUTORELEASING = YES;
				CLANG_WARN_BOOL_CONVERSION = YES;
				CLANG_WARN_COMMA = YES;
				CLANG_WARN_CONSTANT_CONVERSION = YES;
				CLANG_WARN_DEPRECATED_OBJC_IMPLEMENTATIONS = YES;
				CLANG_WARN_DIRECT_OBJC_ISA_USAGE = YES_ERROR;
				CLANG_WARN_DOCUMENTATION_COMMENTS = YES;
				CLANG_WARN_EMPTY_BODY = YES;
				CLANG_WARN_ENUM_CONVERSION = YES;
				CLANG_WARN_INFINITE_RECURSION = YES;
				CLANG_WARN_INT_CONVERSION = YES;
				CLANG_WARN_NON_LITERAL_NULL_CONVERSION = YES;
				CLANG_WARN_OBJC_IMPLICIT_RETAIN_SELF = YES;
				CLANG_WARN_OBJC_LITERAL_CONVERSION = YES;
				CLANG_WARN_OBJC_ROOT_CLASS = YES_ERROR;
				CLANG_WARN_QUOTED_INCLUDE_IN_FRAMEWORK_HEADER = YES;
				CLANG_WARN_RANGE_LOOP_ANALYSIS = YES;
				CLANG_WARN_STRICT_PROTOTYPES = YES;
				CLANG_WARN_SUSPICIOUS_MOVE = YES;
				CLANG_WARN_UNGUARDED_AVAILABILITY = YES_AGGRESSIVE;
				CLANG_WARN_UNREACHABLE_CODE = YES;
				CLANG_WARN__DUPLICATE_METHOD_MATCH = YES;
				COPY_PHASE_STRIP = NO;
				DEBUG_INFORMATION_FORMAT = "dwarf-with-dsym";
				ENABLE_NS_ASSERTIONS = NO;
				ENABLE_STRICT_OBJC_MSGSEND = YES;
				ENABLE_USER_SCRIPT_SANDBOXING = YES;
				GCC_C_LANGUAGE_STANDARD = gnu17;
				GCC_NO_COMMON_BLOCKS = YES;
				GCC_WARN_64_TO_32_BIT_CONVERSION = YES;
				GCC_WARN_ABOUT_RETURN_TYPE = YES_ERROR;
				GCC_WARN_UNDECLARED_SELECTOR = YES;
				GCC_WARN_UNINITIALIZED_AUTOS = YES_AGGRESSIVE;
				GCC_WARN_UNUSED_FUNCTION = YES;
				GCC_WARN_UNUSED_VARIABLE = YES;
				LOCALIZATION_PREFERS_STRING_CATALOGS = YES;
				MTL_ENABLE_DEBUG_INFO = NO;
				MTL_FAST_MATH = YES;
				SWIFT_COMPILATION_MODE = wholemodule;
			};
			name = Release;
		};
		28D6AC3D2B7879CE00721385 /* Debug */ = {
			isa = XCBuildConfiguration;
			buildSettings = {
				ASSETCATALOG_COMPILER_APPICON_NAME = AppIcon;
				ASSETCATALOG_COMPILER_GLOBAL_ACCENT_COLOR_NAME = AccentColor;
				CODE_SIGN_ENTITLEMENTS = "Henry'sJoy/Henry_sJoy.entitlements";
				CODE_SIGN_STYLE = Automatic;
				CURRENT_PROJECT_VERSION = 1;
				DEVELOPMENT_ASSET_PATHS = "\"Henry'sJoy/Preview Content\"";
				ENABLE_PREVIEWS = YES;
				GENERATE_INFOPLIST_FILE = YES;
				INFOPLIST_FILE = "Henry-sJoy-Info.plist";
				"INFOPLIST_KEY_UIApplicationSceneManifest_Generation[sdk=iphoneos*]" = YES;
				"INFOPLIST_KEY_UIApplicationSceneManifest_Generation[sdk=iphonesimulator*]" = YES;
				"INFOPLIST_KEY_UIApplicationSupportsIndirectInputEvents[sdk=iphoneos*]" = YES;
				"INFOPLIST_KEY_UIApplicationSupportsIndirectInputEvents[sdk=iphonesimulator*]" = YES;
				"INFOPLIST_KEY_UILaunchScreen_Generation[sdk=iphoneos*]" = YES;
				"INFOPLIST_KEY_UILaunchScreen_Generation[sdk=iphonesimulator*]" = YES;
				"INFOPLIST_KEY_UIStatusBarStyle[sdk=iphoneos*]" = UIStatusBarStyleDefault;
				"INFOPLIST_KEY_UIStatusBarStyle[sdk=iphonesimulator*]" = UIStatusBarStyleDefault;
				INFOPLIST_KEY_UISupportedInterfaceOrientations_iPad = "UIInterfaceOrientationPortrait UIInterfaceOrientationPortraitUpsideDown UIInterfaceOrientationLandscapeLeft UIInterfaceOrientationLandscapeRight";
				INFOPLIST_KEY_UISupportedInterfaceOrientations_iPhone = "UIInterfaceOrientationPortrait UIInterfaceOrientationLandscapeLeft UIInterfaceOrientationLandscapeRight";
				IPHONEOS_DEPLOYMENT_TARGET = 17.2;
				LD_RUNPATH_SEARCH_PATHS = "@executable_path/Frameworks";
				"LD_RUNPATH_SEARCH_PATHS[sdk=macosx*]" = "@executable_path/../Frameworks";
				MACOSX_DEPLOYMENT_TARGET = 14.2;
				MARKETING_VERSION = 1.0;
				PRODUCT_BUNDLE_IDENTIFIER = "L.A.Caelius.Henry-sJoy";
				PRODUCT_NAME = "$(TARGET_NAME)";
				SDKROOT = auto;
				SUPPORTED_PLATFORMS = "iphoneos iphonesimulator macosx";
				SWIFT_EMIT_LOC_STRINGS = YES;
				SWIFT_VERSION = 5.0;
				TARGETED_DEVICE_FAMILY = "1,2";
			};
			name = Debug;
		};
		28D6AC3E2B7879CE00721385 /* Release */ = {
			isa = XCBuildConfiguration;
			buildSettings = {
				ASSETCATALOG_COMPILER_APPICON_NAME = AppIcon;
				ASSETCATALOG_COMPILER_GLOBAL_ACCENT_COLOR_NAME = AccentColor;
				CODE_SIGN_ENTITLEMENTS = "Henry'sJoy/Henry_sJoy.entitlements";
				CODE_SIGN_STYLE = Automatic;
				CURRENT_PROJECT_VERSION = 1;
				DEVELOPMENT_ASSET_PATHS = "\"Henry'sJoy/Preview Content\"";
				ENABLE_PREVIEWS = YES;
				GENERATE_INFOPLIST_FILE = YES;
				INFOPLIST_FILE = "Henry-sJoy-Info.plist";
				"INFOPLIST_KEY_UIApplicationSceneManifest_Generation[sdk=iphoneos*]" = YES;
				"INFOPLIST_KEY_UIApplicationSceneManifest_Generation[sdk=iphonesimulator*]" = YES;
				"INFOPLIST_KEY_UIApplicationSupportsIndirectInputEvents[sdk=iphoneos*]" = YES;
				"INFOPLIST_KEY_UIApplicationSupportsIndirectInputEvents[sdk=iphonesimulator*]" = YES;
				"INFOPLIST_KEY_UILaunchScreen_Generation[sdk=iphoneos*]" = YES;
				"INFOPLIST_KEY_UILaunchScreen_Generation[sdk=iphonesimulator*]" = YES;
				"INFOPLIST_KEY_UIStatusBarStyle[sdk=iphoneos*]" = UIStatusBarStyleDefault;
				"INFOPLIST_KEY_UIStatusBarStyle[sdk=iphonesimulator*]" = UIStatusBarStyleDefault;
				INFOPLIST_KEY_UISupportedInterfaceOrientations_iPad = "UIInterfaceOrientationPortrait UIInterfaceOrientationPortraitUpsideDown UIInterfaceOrientationLandscapeLeft UIInterfaceOrientationLandscapeRight";
				INFOPLIST_KEY_UISupportedInterfaceOrientations_iPhone = "UIInterfaceOrientationPortrait UIInterfaceOrientationLandscapeLeft UIInterfaceOrientationLandscapeRight";
				IPHONEOS_DEPLOYMENT_TARGET = 17.2;
				LD_RUNPATH_SEARCH_PATHS = "@executable_path/Frameworks";
				"LD_RUNPATH_SEARCH_PATHS[sdk=macosx*]" = "@executable_path/../Frameworks";
				MACOSX_DEPLOYMENT_TARGET = 14.2;
				MARKETING_VERSION = 1.0;
				PRODUCT_BUNDLE_IDENTIFIER = "L.A.Caelius.Henry-sJoy";
				PRODUCT_NAME = "$(TARGET_NAME)";
				SDKROOT = auto;
				SUPPORTED_PLATFORMS = "iphoneos iphonesimulator macosx";
				SWIFT_EMIT_LOC_STRINGS = YES;
				SWIFT_VERSION = 5.0;
				TARGETED_DEVICE_FAMILY = "1,2";
			};
			name = Release;
		};
		28D6AC402B7879CE00721385 /* Debug */ = {
			isa = XCBuildConfiguration;
			buildSettings = {
				ALWAYS_EMBED_SWIFT_STANDARD_LIBRARIES = YES;
				BUNDLE_LOADER = "$(TEST_HOST)";
				CODE_SIGN_STYLE = Automatic;
				CURRENT_PROJECT_VERSION = 1;
				GENERATE_INFOPLIST_FILE = YES;
				IPHONEOS_DEPLOYMENT_TARGET = 17.2;
				MACOSX_DEPLOYMENT_TARGET = 14.2;
				MARKETING_VERSION = 1.0;
				PRODUCT_BUNDLE_IDENTIFIER = "L.A.Caelius.Henry-sJoyTests";
				PRODUCT_NAME = "$(TARGET_NAME)";
				SDKROOT = auto;
				SUPPORTED_PLATFORMS = "iphoneos iphonesimulator macosx";
				SWIFT_EMIT_LOC_STRINGS = NO;
				SWIFT_VERSION = 5.0;
				TARGETED_DEVICE_FAMILY = "1,2";
				TEST_HOST = "$(BUILT_PRODUCTS_DIR)/Henry'sJoy.app/$(BUNDLE_EXECUTABLE_FOLDER_PATH)/Henry'sJoy";
			};
			name = Debug;
		};
		28D6AC412B7879CE00721385 /* Release */ = {
			isa = XCBuildConfiguration;
			buildSettings = {
				ALWAYS_EMBED_SWIFT_STANDARD_LIBRARIES = YES;
				BUNDLE_LOADER = "$(TEST_HOST)";
				CODE_SIGN_STYLE = Automatic;
				CURRENT_PROJECT_VERSION = 1;
				GENERATE_INFOPLIST_FILE = YES;
				IPHONEOS_DEPLOYMENT_TARGET = 17.2;
				MACOSX_DEPLOYMENT_TARGET = 14.2;
				MARKETING_VERSION = 1.0;
				PRODUCT_BUNDLE_IDENTIFIER = "L.A.Caelius.Henry-sJoyTests";
				PRODUCT_NAME = "$(TARGET_NAME)";
				SDKROOT = auto;
				SUPPORTED_PLATFORMS = "iphoneos iphonesimulator macosx";
				SWIFT_EMIT_LOC_STRINGS = NO;
				SWIFT_VERSION = 5.0;
				TARGETED_DEVICE_FAMILY = "1,2";
				TEST_HOST = "$(BUILT_PRODUCTS_DIR)/Henry'sJoy.app/$(BUNDLE_EXECUTABLE_FOLDER_PATH)/Henry'sJoy";
			};
			name = Release;
		};
		28D6AC432B7879CE00721385 /* Debug */ = {
			isa = XCBuildConfiguration;
			buildSettings = {
				ALWAYS_EMBED_SWIFT_STANDARD_LIBRARIES = YES;
				CODE_SIGN_STYLE = Automatic;
				CURRENT_PROJECT_VERSION = 1;
				GENERATE_INFOPLIST_FILE = YES;
				IPHONEOS_DEPLOYMENT_TARGET = 17.2;
				MACOSX_DEPLOYMENT_TARGET = 14.2;
				MARKETING_VERSION = 1.0;
				PRODUCT_BUNDLE_IDENTIFIER = "L.A.Caelius.Henry-sJoyUITests";
				PRODUCT_NAME = "$(TARGET_NAME)";
				SDKROOT = auto;
				SUPPORTED_PLATFORMS = "iphoneos iphonesimulator macosx";
				SWIFT_EMIT_LOC_STRINGS = NO;
				SWIFT_VERSION = 5.0;
				TARGETED_DEVICE_FAMILY = "1,2";
				TEST_TARGET_NAME = "Henry'sJoy";
			};
			name = Debug;
		};
		28D6AC442B7879CE00721385 /* Release */ = {
			isa = XCBuildConfiguration;
			buildSettings = {
				ALWAYS_EMBED_SWIFT_STANDARD_LIBRARIES = YES;
				CODE_SIGN_STYLE = Automatic;
				CURRENT_PROJECT_VERSION = 1;
				GENERATE_INFOPLIST_FILE = YES;
				IPHONEOS_DEPLOYMENT_TARGET = 17.2;
				MACOSX_DEPLOYMENT_TARGET = 14.2;
				MARKETING_VERSION = 1.0;
				PRODUCT_BUNDLE_IDENTIFIER = "L.A.Caelius.Henry-sJoyUITests";
				PRODUCT_NAME = "$(TARGET_NAME)";
				SDKROOT = auto;
				SUPPORTED_PLATFORMS = "iphoneos iphonesimulator macosx";
				SWIFT_EMIT_LOC_STRINGS = NO;
				SWIFT_VERSION = 5.0;
				TARGETED_DEVICE_FAMILY = "1,2";
				TEST_TARGET_NAME = "Henry'sJoy";
			};
			name = Release;
		};
/* End XCBuildConfiguration section */

/* Begin XCConfigurationList section */
		28D6AC122B7879CC00721385 /* Build configuration list for PBXProject "Henry'sJoy" */ = {
			isa = XCConfigurationList;
			buildConfigurations = (
				28D6AC3A2B7879CE00721385 /* Debug */,
				28D6AC3B2B7879CE00721385 /* Release */,
			);
			defaultConfigurationIsVisible = 0;
			defaultConfigurationName = Release;
		};
		28D6AC3C2B7879CE00721385 /* Build configuration list for PBXNativeTarget "Henry'sJoy" */ = {
			isa = XCConfigurationList;
			buildConfigurations = (
				28D6AC3D2B7879CE00721385 /* Debug */,
				28D6AC3E2B7879CE00721385 /* Release */,
			);
			defaultConfigurationIsVisible = 0;
			defaultConfigurationName = Release;
		};
		28D6AC3F2B7879CE00721385 /* Build configuration list for PBXNativeTarget "Henry'sJoyTests" */ = {
			isa = XCConfigurationList;
			buildConfigurations = (
				28D6AC402B7879CE00721385 /* Debug */,
				28D6AC412B7879CE00721385 /* Release */,
			);
			defaultConfigurationIsVisible = 0;
			defaultConfigurationName = Release;
		};
		28D6AC422B7879CE00721385 /* Build configuration list for PBXNativeTarget "Henry'sJoyUITests" */ = {
			isa = XCConfigurationList;
			buildConfigurations = (
				28D6AC432B7879CE00721385 /* Debug */,
				28D6AC442B7879CE00721385 /* Release */,
			);
			defaultConfigurationIsVisible = 0;
			defaultConfigurationName = Release;
		};
/* End XCConfigurationList section */
	};
	rootObject = 28D6AC0F2B7879CC00721385 /* Project object */;
}
