// !$*UTF8*$!
{
	archiveVersion = 1;
	classes = {
	};
	objectVersion = 56;
	objects = {

/* Begin PBXBuildFile section */
		28A1C99A2B76E72F00423CAC /* playerZone.swift in Sources */ = {isa = PBXBuildFile; fileRef = 28A1C9992B76E72F00423CAC /* playerZone.swift */; };
		28A1C99E2B76E94D00423CAC /* CoreGameComponent.swift in Sources */ = {isa = PBXBuildFile; fileRef = 28A1C99D2B76E94D00423CAC /* CoreGameComponent.swift */; };
		28C619B92B76AAED00331B31 /* Henry_sJoyApp.swift in Sources */ = {isa = PBXBuildFile; fileRef = 28C619B82B76AAED00331B31 /* Henry_sJoyApp.swift */; };
		28C619BB2B76AAED00331B31 /* farkleGame.swift in Sources */ = {isa = PBXBuildFile; fileRef = 28C619BA2B76AAED00331B31 /* farkleGame.swift */; };
		28C619BD2B76AAEF00331B31 /* Assets.xcassets in Resources */ = {isa = PBXBuildFile; fileRef = 28C619BC2B76AAEF00331B31 /* Assets.xcassets */; };
		28C619C12B76AAEF00331B31 /* Preview Assets.xcassets in Resources */ = {isa = PBXBuildFile; fileRef = 28C619C02B76AAEF00331B31 /* Preview Assets.xcassets */; };
		28C619CB2B76AAEF00331B31 /* Henry_sJoyTests.swift in Sources */ = {isa = PBXBuildFile; fileRef = 28C619CA2B76AAEF00331B31 /* Henry_sJoyTests.swift */; };
		28C619D52B76AAEF00331B31 /* Henry_sJoyUITests.swift in Sources */ = {isa = PBXBuildFile; fileRef = 28C619D42B76AAEF00331B31 /* Henry_sJoyUITests.swift */; };
		28C619D72B76AAEF00331B31 /* Henry_sJoyUITestsLaunchTests.swift in Sources */ = {isa = PBXBuildFile; fileRef = 28C619D62B76AAEF00331B31 /* Henry_sJoyUITestsLaunchTests.swift */; };
		28C619E42B76AD5800331B31 /* diceTable.swift in Sources */ = {isa = PBXBuildFile; fileRef = 28C619E32B76AD5800331B31 /* diceTable.swift */; };
		28C619E62B76AF9000331B31 /* moneyAndRound.swift in Sources */ = {isa = PBXBuildFile; fileRef = 28C619E52B76AF9000331B31 /* moneyAndRound.swift */; };
/* End PBXBuildFile section */

/* Begin PBXContainerItemProxy section */
		28C619C72B76AAEF00331B31 /* PBXContainerItemProxy */ = {
			isa = PBXContainerItemProxy;
			containerPortal = 28C619AD2B76AAED00331B31 /* Project object */;
			proxyType = 1;
			remoteGlobalIDString = 28C619B42B76AAED00331B31;
			remoteInfo = "Henry'sJoy";
		};
		28C619D12B76AAEF00331B31 /* PBXContainerItemProxy */ = {
			isa = PBXContainerItemProxy;
			containerPortal = 28C619AD2B76AAED00331B31 /* Project object */;
			proxyType = 1;
			remoteGlobalIDString = 28C619B42B76AAED00331B31;
			remoteInfo = "Henry'sJoy";
		};
/* End PBXContainerItemProxy section */

/* Begin PBXFileReference section */
		28A1C9992B76E72F00423CAC /* playerZone.swift */ = {isa = PBXFileReference; lastKnownFileType = sourcecode.swift; path = playerZone.swift; sourceTree = "<group>"; };
		28A1C99D2B76E94D00423CAC /* CoreGameComponent.swift */ = {isa = PBXFileReference; lastKnownFileType = sourcecode.swift; path = CoreGameComponent.swift; sourceTree = "<group>"; };
		28C619B52B76AAED00331B31 /* Henry'sJoy.app */ = {isa = PBXFileReference; explicitFileType = wrapper.application; includeInIndex = 0; path = "Henry'sJoy.app"; sourceTree = BUILT_PRODUCTS_DIR; };
		28C619B82B76AAED00331B31 /* Henry_sJoyApp.swift */ = {isa = PBXFileReference; lastKnownFileType = sourcecode.swift; path = Henry_sJoyApp.swift; sourceTree = "<group>"; };
		28C619BA2B76AAED00331B31 /* farkleGame.swift */ = {isa = PBXFileReference; lastKnownFileType = sourcecode.swift; path = farkleGame.swift; sourceTree = "<group>"; };
		28C619BC2B76AAEF00331B31 /* Assets.xcassets */ = {isa = PBXFileReference; lastKnownFileType = folder.assetcatalog; path = Assets.xcassets; sourceTree = "<group>"; };
		28C619BE2B76AAEF00331B31 /* Henry_sJoy.entitlements */ = {isa = PBXFileReference; lastKnownFileType = text.plist.entitlements; path = Henry_sJoy.entitlements; sourceTree = "<group>"; };
		28C619C02B76AAEF00331B31 /* Preview Assets.xcassets */ = {isa = PBXFileReference; lastKnownFileType = folder.assetcatalog; path = "Preview Assets.xcassets"; sourceTree = "<group>"; };
		28C619C62B76AAEF00331B31 /* Henry'sJoyTests.xctest */ = {isa = PBXFileReference; explicitFileType = wrapper.cfbundle; includeInIndex = 0; path = "Henry'sJoyTests.xctest"; sourceTree = BUILT_PRODUCTS_DIR; };
		28C619CA2B76AAEF00331B31 /* Henry_sJoyTests.swift */ = {isa = PBXFileReference; lastKnownFileType = sourcecode.swift; path = Henry_sJoyTests.swift; sourceTree = "<group>"; };
		28C619D02B76AAEF00331B31 /* Henry'sJoyUITests.xctest */ = {isa = PBXFileReference; explicitFileType = wrapper.cfbundle; includeInIndex = 0; path = "Henry'sJoyUITests.xctest"; sourceTree = BUILT_PRODUCTS_DIR; };
		28C619D42B76AAEF00331B31 /* Henry_sJoyUITests.swift */ = {isa = PBXFileReference; lastKnownFileType = sourcecode.swift; path = Henry_sJoyUITests.swift; sourceTree = "<group>"; };
		28C619D62B76AAEF00331B31 /* Henry_sJoyUITestsLaunchTests.swift */ = {isa = PBXFileReference; lastKnownFileType = sourcecode.swift; path = Henry_sJoyUITestsLaunchTests.swift; sourceTree = "<group>"; };
		28C619E32B76AD5800331B31 /* diceTable.swift */ = {isa = PBXFileReference; lastKnownFileType = sourcecode.swift; path = diceTable.swift; sourceTree = "<group>"; };
		28C619E52B76AF9000331B31 /* moneyAndRound.swift */ = {isa = PBXFileReference; lastKnownFileType = sourcecode.swift; path = moneyAndRound.swift; sourceTree = "<group>"; };
/* End PBXFileReference section */

/* Begin PBXFrameworksBuildPhase section */
		28C619B22B76AAED00331B31 /* Frameworks */ = {
			isa = PBXFrameworksBuildPhase;
			buildActionMask = 2147483647;
			files = (
			);
			runOnlyForDeploymentPostprocessing = 0;
		};
		28C619C32B76AAEF00331B31 /* Frameworks */ = {
			isa = PBXFrameworksBuildPhase;
			buildActionMask = 2147483647;
			files = (
			);
			runOnlyForDeploymentPostprocessing = 0;
		};
		28C619CD2B76AAEF00331B31 /* Frameworks */ = {
			isa = PBXFrameworksBuildPhase;
			buildActionMask = 2147483647;
			files = (
			);
			runOnlyForDeploymentPostprocessing = 0;
		};
/* End PBXFrameworksBuildPhase section */

/* Begin PBXGroup section */
		28A1C99B2B76E84100423CAC /* diceTable.component */ = {
			isa = PBXGroup;
			children = (
				28A1C99C2B76E87600423CAC /* diceTable.subcomponents */,
				28C619E32B76AD5800331B31 /* diceTable.swift */,
			);
			path = diceTable.component;
			sourceTree = "<group>";
		};
		28A1C99C2B76E87600423CAC /* diceTable.subcomponents */ = {
			isa = PBXGroup;
			children = (
				28C619E52B76AF9000331B31 /* moneyAndRound.swift */,
				28A1C9992B76E72F00423CAC /* playerZone.swift */,
			);
			path = diceTable.subcomponents;
			sourceTree = "<group>";
		};
		28C619AC2B76AAED00331B31 = {
			isa = PBXGroup;
			children = (
				28C619B72B76AAED00331B31 /* Henry'sJoy */,
				28C619C92B76AAEF00331B31 /* Henry'sJoyTests */,
				28C619D32B76AAEF00331B31 /* Henry'sJoyUITests */,
				28C619B62B76AAED00331B31 /* Products */,
			);
			sourceTree = "<group>";
		};
		28C619B62B76AAED00331B31 /* Products */ = {
			isa = PBXGroup;
			children = (
				28C619B52B76AAED00331B31 /* Henry'sJoy.app */,
				28C619C62B76AAEF00331B31 /* Henry'sJoyTests.xctest */,
				28C619D02B76AAEF00331B31 /* Henry'sJoyUITests.xctest */,
			);
			name = Products;
			sourceTree = "<group>";
		};
		28C619B72B76AAED00331B31 /* Henry'sJoy */ = {
			isa = PBXGroup;
			children = (
				28A1C99B2B76E84100423CAC /* diceTable.component */,
				28C619B82B76AAED00331B31 /* Henry_sJoyApp.swift */,
				28C619BA2B76AAED00331B31 /* farkleGame.swift */,
				28C619BC2B76AAEF00331B31 /* Assets.xcassets */,
				28C619BE2B76AAEF00331B31 /* Henry_sJoy.entitlements */,
				28C619BF2B76AAEF00331B31 /* Preview Content */,
				28A1C99D2B76E94D00423CAC /* CoreGameComponent.swift */,
			);
			path = "Henry'sJoy";
			sourceTree = "<group>";
		};
		28C619BF2B76AAEF00331B31 /* Preview Content */ = {
			isa = PBXGroup;
			children = (
				28C619C02B76AAEF00331B31 /* Preview Assets.xcassets */,
			);
			path = "Preview Content";
			sourceTree = "<group>";
		};
		28C619C92B76AAEF00331B31 /* Henry'sJoyTests */ = {
			isa = PBXGroup;
			children = (
				28C619CA2B76AAEF00331B31 /* Henry_sJoyTests.swift */,
			);
			path = "Henry'sJoyTests";
			sourceTree = "<group>";
		};
		28C619D32B76AAEF00331B31 /* Henry'sJoyUITests */ = {
			isa = PBXGroup;
			children = (
				28C619D42B76AAEF00331B31 /* Henry_sJoyUITests.swift */,
				28C619D62B76AAEF00331B31 /* Henry_sJoyUITestsLaunchTests.swift */,
			);
			path = "Henry'sJoyUITests";
			sourceTree = "<group>";
		};
/* End PBXGroup section */

/* Begin PBXNativeTarget section */
		28C619B42B76AAED00331B31 /* Henry'sJoy */ = {
			isa = PBXNativeTarget;
			buildConfigurationList = 28C619DA2B76AAEF00331B31 /* Build configuration list for PBXNativeTarget "Henry'sJoy" */;
			buildPhases = (
				28C619B12B76AAED00331B31 /* Sources */,
				28C619B22B76AAED00331B31 /* Frameworks */,
				28C619B32B76AAED00331B31 /* Resources */,
			);
			buildRules = (
			);
			dependencies = (
			);
			name = "Henry'sJoy";
			productName = "Henry'sJoy";
			productReference = 28C619B52B76AAED00331B31 /* Henry'sJoy.app */;
			productType = "com.apple.product-type.application";
		};
		28C619C52B76AAEF00331B31 /* Henry'sJoyTests */ = {
			isa = PBXNativeTarget;
			buildConfigurationList = 28C619DD2B76AAEF00331B31 /* Build configuration list for PBXNativeTarget "Henry'sJoyTests" */;
			buildPhases = (
				28C619C22B76AAEF00331B31 /* Sources */,
				28C619C32B76AAEF00331B31 /* Frameworks */,
				28C619C42B76AAEF00331B31 /* Resources */,
			);
			buildRules = (
			);
			dependencies = (
				28C619C82B76AAEF00331B31 /* PBXTargetDependency */,
			);
			name = "Henry'sJoyTests";
			productName = "Henry'sJoyTests";
			productReference = 28C619C62B76AAEF00331B31 /* Henry'sJoyTests.xctest */;
			productType = "com.apple.product-type.bundle.unit-test";
		};
		28C619CF2B76AAEF00331B31 /* Henry'sJoyUITests */ = {
			isa = PBXNativeTarget;
			buildConfigurationList = 28C619E02B76AAEF00331B31 /* Build configuration list for PBXNativeTarget "Henry'sJoyUITests" */;
			buildPhases = (
				28C619CC2B76AAEF00331B31 /* Sources */,
				28C619CD2B76AAEF00331B31 /* Frameworks */,
				28C619CE2B76AAEF00331B31 /* Resources */,
			);
			buildRules = (
			);
			dependencies = (
				28C619D22B76AAEF00331B31 /* PBXTargetDependency */,
			);
			name = "Henry'sJoyUITests";
			productName = "Henry'sJoyUITests";
			productReference = 28C619D02B76AAEF00331B31 /* Henry'sJoyUITests.xctest */;
			productType = "com.apple.product-type.bundle.ui-testing";
		};
/* End PBXNativeTarget section */

/* Begin PBXProject section */
		28C619AD2B76AAED00331B31 /* Project object */ = {
			isa = PBXProject;
			attributes = {
				BuildIndependentTargetsInParallel = 1;
				LastSwiftUpdateCheck = 1520;
				LastUpgradeCheck = 1520;
				TargetAttributes = {
					28C619B42B76AAED00331B31 = {
						CreatedOnToolsVersion = 15.2;
					};
					28C619C52B76AAEF00331B31 = {
						CreatedOnToolsVersion = 15.2;
						TestTargetID = 28C619B42B76AAED00331B31;
					};
					28C619CF2B76AAEF00331B31 = {
						CreatedOnToolsVersion = 15.2;
						TestTargetID = 28C619B42B76AAED00331B31;
					};
				};
			};
			buildConfigurationList = 28C619B02B76AAED00331B31 /* Build configuration list for PBXProject "Henry'sJoy" */;
			compatibilityVersion = "Xcode 14.0";
			developmentRegion = en;
			hasScannedForEncodings = 0;
			knownRegions = (
				en,
				Base,
			);
			mainGroup = 28C619AC2B76AAED00331B31;
			productRefGroup = 28C619B62B76AAED00331B31 /* Products */;
			projectDirPath = "";
			projectRoot = "";
			targets = (
				28C619B42B76AAED00331B31 /* Henry'sJoy */,
				28C619C52B76AAEF00331B31 /* Henry'sJoyTests */,
				28C619CF2B76AAEF00331B31 /* Henry'sJoyUITests */,
			);
		};
/* End PBXProject section */

/* Begin PBXResourcesBuildPhase section */
		28C619B32B76AAED00331B31 /* Resources */ = {
			isa = PBXResourcesBuildPhase;
			buildActionMask = 2147483647;
			files = (
				28C619C12B76AAEF00331B31 /* Preview Assets.xcassets in Resources */,
				28C619BD2B76AAEF00331B31 /* Assets.xcassets in Resources */,
			);
			runOnlyForDeploymentPostprocessing = 0;
		};
		28C619C42B76AAEF00331B31 /* Resources */ = {
			isa = PBXResourcesBuildPhase;
			buildActionMask = 2147483647;
			files = (
			);
			runOnlyForDeploymentPostprocessing = 0;
		};
		28C619CE2B76AAEF00331B31 /* Resources */ = {
			isa = PBXResourcesBuildPhase;
			buildActionMask = 2147483647;
			files = (
			);
			runOnlyForDeploymentPostprocessing = 0;
		};
/* End PBXResourcesBuildPhase section */

/* Begin PBXSourcesBuildPhase section */
		28C619B12B76AAED00331B31 /* Sources */ = {
			isa = PBXSourcesBuildPhase;
			buildActionMask = 2147483647;
			files = (
				28A1C99E2B76E94D00423CAC /* CoreGameComponent.swift in Sources */,
				28C619BB2B76AAED00331B31 /* farkleGame.swift in Sources */,
				28C619E62B76AF9000331B31 /* moneyAndRound.swift in Sources */,
				28A1C99A2B76E72F00423CAC /* playerZone.swift in Sources */,
				28C619B92B76AAED00331B31 /* Henry_sJoyApp.swift in Sources */,
				28C619E42B76AD5800331B31 /* diceTable.swift in Sources */,
			);
			runOnlyForDeploymentPostprocessing = 0;
		};
		28C619C22B76AAEF00331B31 /* Sources */ = {
			isa = PBXSourcesBuildPhase;
			buildActionMask = 2147483647;
			files = (
				28C619CB2B76AAEF00331B31 /* Henry_sJoyTests.swift in Sources */,
			);
			runOnlyForDeploymentPostprocessing = 0;
		};
		28C619CC2B76AAEF00331B31 /* Sources */ = {
			isa = PBXSourcesBuildPhase;
			buildActionMask = 2147483647;
			files = (
				28C619D72B76AAEF00331B31 /* Henry_sJoyUITestsLaunchTests.swift in Sources */,
				28C619D52B76AAEF00331B31 /* Henry_sJoyUITests.swift in Sources */,
			);
			runOnlyForDeploymentPostprocessing = 0;
		};
/* End PBXSourcesBuildPhase section */

/* Begin PBXTargetDependency section */
		28C619C82B76AAEF00331B31 /* PBXTargetDependency */ = {
			isa = PBXTargetDependency;
			target = 28C619B42B76AAED00331B31 /* Henry'sJoy */;
			targetProxy = 28C619C72B76AAEF00331B31 /* PBXContainerItemProxy */;
		};
		28C619D22B76AAEF00331B31 /* PBXTargetDependency */ = {
			isa = PBXTargetDependency;
			target = 28C619B42B76AAED00331B31 /* Henry'sJoy */;
			targetProxy = 28C619D12B76AAEF00331B31 /* PBXContainerItemProxy */;
		};
/* End PBXTargetDependency section */

/* Begin XCBuildConfiguration section */
		28C619D82B76AAEF00331B31 /* Debug */ = {
			isa = XCBuildConfiguration;
			buildSettings = {
				ALWAYS_SEARCH_USER_PATHS = NO;
				ASSETCATALOG_COMPILER_GENERATE_SWIFT_ASSET_SYMBOL_EXTENSIONS = YES;
				CLANG_ANALYZER_NONNULL = YES;
				CLANG_ANALYZER_NUMBER_OBJECT_CONVERSION = YES_AGGRESSIVE;
				CLANG_CXX_LANGUAGE_STANDARD = "gnu++20";
				CLANG_ENABLE_MODULES = YES;
				CLANG_ENABLE_OBJC_ARC = YES;
				CLANG_ENABLE_OBJC_WEAK = YES;
				CLANG_WARN_BLOCK_CAPTURE_AUTORELEASING = YES;
				CLANG_WARN_BOOL_CONVERSION = YES;
				CLANG_WARN_COMMA = YES;
				CLANG_WARN_CONSTANT_CONVERSION = YES;
				CLANG_WARN_DEPRECATED_OBJC_IMPLEMENTATIONS = YES;
				CLANG_WARN_DIRECT_OBJC_ISA_USAGE = YES_ERROR;
				CLANG_WARN_DOCUMENTATION_COMMENTS = YES;
				CLANG_WARN_EMPTY_BODY = YES;
				CLANG_WARN_ENUM_CONVERSION = YES;
				CLANG_WARN_INFINITE_RECURSION = YES;
				CLANG_WARN_INT_CONVERSION = YES;
				CLANG_WARN_NON_LITERAL_NULL_CONVERSION = YES;
				CLANG_WARN_OBJC_IMPLICIT_RETAIN_SELF = YES;
				CLANG_WARN_OBJC_LITERAL_CONVERSION = YES;
				CLANG_WARN_OBJC_ROOT_CLASS = YES_ERROR;
				CLANG_WARN_QUOTED_INCLUDE_IN_FRAMEWORK_HEADER = YES;
				CLANG_WARN_RANGE_LOOP_ANALYSIS = YES;
				CLANG_WARN_STRICT_PROTOTYPES = YES;
				CLANG_WARN_SUSPICIOUS_MOVE = YES;
				CLANG_WARN_UNGUARDED_AVAILABILITY = YES_AGGRESSIVE;
				CLANG_WARN_UNREACHABLE_CODE = YES;
				CLANG_WARN__DUPLICATE_METHOD_MATCH = YES;
				COPY_PHASE_STRIP = NO;
				DEBUG_INFORMATION_FORMAT = dwarf;
				ENABLE_STRICT_OBJC_MSGSEND = YES;
				ENABLE_TESTABILITY = YES;
				ENABLE_USER_SCRIPT_SANDBOXING = YES;
				GCC_C_LANGUAGE_STANDARD = gnu17;
				GCC_DYNAMIC_NO_PIC = NO;
				GCC_NO_COMMON_BLOCKS = YES;
				GCC_OPTIMIZATION_LEVEL = 0;
				GCC_PREPROCESSOR_DEFINITIONS = (
					"DEBUG=1",
					"$(inherited)",
				);
				GCC_WARN_64_TO_32_BIT_CONVERSION = YES;
				GCC_WARN_ABOUT_RETURN_TYPE = YES_ERROR;
				GCC_WARN_UNDECLARED_SELECTOR = YES;
				GCC_WARN_UNINITIALIZED_AUTOS = YES_AGGRESSIVE;
				GCC_WARN_UNUSED_FUNCTION = YES;
				GCC_WARN_UNUSED_VARIABLE = YES;
				LOCALIZATION_PREFERS_STRING_CATALOGS = YES;
				MTL_ENABLE_DEBUG_INFO = INCLUDE_SOURCE;
				MTL_FAST_MATH = YES;
				ONLY_ACTIVE_ARCH = YES;
				SWIFT_ACTIVE_COMPILATION_CONDITIONS = "DEBUG $(inherited)";
				SWIFT_OPTIMIZATION_LEVEL = "-Onone";
			};
			name = Debug;
		};
		28C619D92B76AAEF00331B31 /* Release */ = {
			isa = XCBuildConfiguration;
			buildSettings = {
				ALWAYS_SEARCH_USER_PATHS = NO;
				ASSETCATALOG_COMPILER_GENERATE_SWIFT_ASSET_SYMBOL_EXTENSIONS = YES;
				CLANG_ANALYZER_NONNULL = YES;
				CLANG_ANALYZER_NUMBER_OBJECT_CONVERSION = YES_AGGRESSIVE;
				CLANG_CXX_LANGUAGE_STANDARD = "gnu++20";
				CLANG_ENABLE_MODULES = YES;
				CLANG_ENABLE_OBJC_ARC = YES;
				CLANG_ENABLE_OBJC_WEAK = YES;
				CLANG_WARN_BLOCK_CAPTURE_AUTORELEASING = YES;
				CLANG_WARN_BOOL_CONVERSION = YES;
				CLANG_WARN_COMMA = YES;
				CLANG_WARN_CONSTANT_CONVERSION = YES;
				CLANG_WARN_DEPRECATED_OBJC_IMPLEMENTATIONS = YES;
				CLANG_WARN_DIRECT_OBJC_ISA_USAGE = YES_ERROR;
				CLANG_WARN_DOCUMENTATION_COMMENTS = YES;
				CLANG_WARN_EMPTY_BODY = YES;
				CLANG_WARN_ENUM_CONVERSION = YES;
				CLANG_WARN_INFINITE_RECURSION = YES;
				CLANG_WARN_INT_CONVERSION = YES;
				CLANG_WARN_NON_LITERAL_NULL_CONVERSION = YES;
				CLANG_WARN_OBJC_IMPLICIT_RETAIN_SELF = YES;
				CLANG_WARN_OBJC_LITERAL_CONVERSION = YES;
				CLANG_WARN_OBJC_ROOT_CLASS = YES_ERROR;
				CLANG_WARN_QUOTED_INCLUDE_IN_FRAMEWORK_HEADER = YES;
				CLANG_WARN_RANGE_LOOP_ANALYSIS = YES;
				CLANG_WARN_STRICT_PROTOTYPES = YES;
				CLANG_WARN_SUSPICIOUS_MOVE = YES;
				CLANG_WARN_UNGUARDED_AVAILABILITY = YES_AGGRESSIVE;
				CLANG_WARN_UNREACHABLE_CODE = YES;
				CLANG_WARN__DUPLICATE_METHOD_MATCH = YES;
				COPY_PHASE_STRIP = NO;
				DEBUG_INFORMATION_FORMAT = "dwarf-with-dsym";
				ENABLE_NS_ASSERTIONS = NO;
				ENABLE_STRICT_OBJC_MSGSEND = YES;
				ENABLE_USER_SCRIPT_SANDBOXING = YES;
				GCC_C_LANGUAGE_STANDARD = gnu17;
				GCC_NO_COMMON_BLOCKS = YES;
				GCC_WARN_64_TO_32_BIT_CONVERSION = YES;
				GCC_WARN_ABOUT_RETURN_TYPE = YES_ERROR;
				GCC_WARN_UNDECLARED_SELECTOR = YES;
				GCC_WARN_UNINITIALIZED_AUTOS = YES_AGGRESSIVE;
				GCC_WARN_UNUSED_FUNCTION = YES;
				GCC_WARN_UNUSED_VARIABLE = YES;
				LOCALIZATION_PREFERS_STRING_CATALOGS = YES;
				MTL_ENABLE_DEBUG_INFO = NO;
				MTL_FAST_MATH = YES;
				SWIFT_COMPILATION_MODE = wholemodule;
			};
			name = Release;
		};
		28C619DB2B76AAEF00331B31 /* Debug */ = {
			isa = XCBuildConfiguration;
			buildSettings = {
				ASSETCATALOG_COMPILER_APPICON_NAME = AppIcon;
				ASSETCATALOG_COMPILER_GLOBAL_ACCENT_COLOR_NAME = AccentColor;
				CODE_SIGN_ENTITLEMENTS = "Henry'sJoy/Henry_sJoy.entitlements";
				CODE_SIGN_STYLE = Automatic;
				CURRENT_PROJECT_VERSION = 1;
				DEVELOPMENT_ASSET_PATHS = "\"Henry'sJoy/Preview Content\"";
				ENABLE_PREVIEWS = YES;
				GENERATE_INFOPLIST_FILE = YES;
				"INFOPLIST_KEY_UIApplicationSceneManifest_Generation[sdk=iphoneos*]" = YES;
				"INFOPLIST_KEY_UIApplicationSceneManifest_Generation[sdk=iphonesimulator*]" = YES;
				"INFOPLIST_KEY_UIApplicationSupportsIndirectInputEvents[sdk=iphoneos*]" = YES;
				"INFOPLIST_KEY_UIApplicationSupportsIndirectInputEvents[sdk=iphonesimulator*]" = YES;
				"INFOPLIST_KEY_UILaunchScreen_Generation[sdk=iphoneos*]" = YES;
				"INFOPLIST_KEY_UILaunchScreen_Generation[sdk=iphonesimulator*]" = YES;
				"INFOPLIST_KEY_UIStatusBarStyle[sdk=iphoneos*]" = UIStatusBarStyleDefault;
				"INFOPLIST_KEY_UIStatusBarStyle[sdk=iphonesimulator*]" = UIStatusBarStyleDefault;
				INFOPLIST_KEY_UISupportedInterfaceOrientations_iPad = "UIInterfaceOrientationPortrait UIInterfaceOrientationPortraitUpsideDown UIInterfaceOrientationLandscapeLeft UIInterfaceOrientationLandscapeRight";
				INFOPLIST_KEY_UISupportedInterfaceOrientations_iPhone = "UIInterfaceOrientationPortrait UIInterfaceOrientationLandscapeLeft UIInterfaceOrientationLandscapeRight";
				IPHONEOS_DEPLOYMENT_TARGET = 17.2;
				LD_RUNPATH_SEARCH_PATHS = "@executable_path/Frameworks";
				"LD_RUNPATH_SEARCH_PATHS[sdk=macosx*]" = "@executable_path/../Frameworks";
				MACOSX_DEPLOYMENT_TARGET = 14.2;
				MARKETING_VERSION = 1.0;
				PRODUCT_BUNDLE_IDENTIFIER = "L.A.Caelius.Henry-sJoy";
				PRODUCT_NAME = "$(TARGET_NAME)";
				SDKROOT = auto;
				SUPPORTED_PLATFORMS = "iphoneos iphonesimulator macosx";
				SWIFT_EMIT_LOC_STRINGS = YES;
				SWIFT_VERSION = 5.0;
				TARGETED_DEVICE_FAMILY = "1,2";
			};
			name = Debug;
		};
		28C619DC2B76AAEF00331B31 /* Release */ = {
			isa = XCBuildConfiguration;
			buildSettings = {
				ASSETCATALOG_COMPILER_APPICON_NAME = AppIcon;
				ASSETCATALOG_COMPILER_GLOBAL_ACCENT_COLOR_NAME = AccentColor;
				CODE_SIGN_ENTITLEMENTS = "Henry'sJoy/Henry_sJoy.entitlements";
				CODE_SIGN_STYLE = Automatic;
				CURRENT_PROJECT_VERSION = 1;
				DEVELOPMENT_ASSET_PATHS = "\"Henry'sJoy/Preview Content\"";
				ENABLE_PREVIEWS = YES;
				GENERATE_INFOPLIST_FILE = YES;
				"INFOPLIST_KEY_UIApplicationSceneManifest_Generation[sdk=iphoneos*]" = YES;
				"INFOPLIST_KEY_UIApplicationSceneManifest_Generation[sdk=iphonesimulator*]" = YES;
				"INFOPLIST_KEY_UIApplicationSupportsIndirectInputEvents[sdk=iphoneos*]" = YES;
				"INFOPLIST_KEY_UIApplicationSupportsIndirectInputEvents[sdk=iphonesimulator*]" = YES;
				"INFOPLIST_KEY_UILaunchScreen_Generation[sdk=iphoneos*]" = YES;
				"INFOPLIST_KEY_UILaunchScreen_Generation[sdk=iphonesimulator*]" = YES;
				"INFOPLIST_KEY_UIStatusBarStyle[sdk=iphoneos*]" = UIStatusBarStyleDefault;
				"INFOPLIST_KEY_UIStatusBarStyle[sdk=iphonesimulator*]" = UIStatusBarStyleDefault;
				INFOPLIST_KEY_UISupportedInterfaceOrientations_iPad = "UIInterfaceOrientationPortrait UIInterfaceOrientationPortraitUpsideDown UIInterfaceOrientationLandscapeLeft UIInterfaceOrientationLandscapeRight";
				INFOPLIST_KEY_UISupportedInterfaceOrientations_iPhone = "UIInterfaceOrientationPortrait UIInterfaceOrientationLandscapeLeft UIInterfaceOrientationLandscapeRight";
				IPHONEOS_DEPLOYMENT_TARGET = 17.2;
				LD_RUNPATH_SEARCH_PATHS = "@executable_path/Frameworks";
				"LD_RUNPATH_SEARCH_PATHS[sdk=macosx*]" = "@executable_path/../Frameworks";
				MACOSX_DEPLOYMENT_TARGET = 14.2;
				MARKETING_VERSION = 1.0;
				PRODUCT_BUNDLE_IDENTIFIER = "L.A.Caelius.Henry-sJoy";
				PRODUCT_NAME = "$(TARGET_NAME)";
				SDKROOT = auto;
				SUPPORTED_PLATFORMS = "iphoneos iphonesimulator macosx";
				SWIFT_EMIT_LOC_STRINGS = YES;
				SWIFT_VERSION = 5.0;
				TARGETED_DEVICE_FAMILY = "1,2";
			};
			name = Release;
		};
		28C619DE2B76AAEF00331B31 /* Debug */ = {
			isa = XCBuildConfiguration;
			buildSettings = {
				ALWAYS_EMBED_SWIFT_STANDARD_LIBRARIES = YES;
				BUNDLE_LOADER = "$(TEST_HOST)";
				CODE_SIGN_STYLE = Automatic;
				CURRENT_PROJECT_VERSION = 1;
				GENERATE_INFOPLIST_FILE = YES;
				IPHONEOS_DEPLOYMENT_TARGET = 17.2;
				MACOSX_DEPLOYMENT_TARGET = 14.2;
				MARKETING_VERSION = 1.0;
				PRODUCT_BUNDLE_IDENTIFIER = "L.A.Caelius.Henry-sJoyTests";
				PRODUCT_NAME = "$(TARGET_NAME)";
				SDKROOT = auto;
				SUPPORTED_PLATFORMS = "iphoneos iphonesimulator macosx";
				SWIFT_EMIT_LOC_STRINGS = NO;
				SWIFT_VERSION = 5.0;
				TARGETED_DEVICE_FAMILY = "1,2";
				TEST_HOST = "$(BUILT_PRODUCTS_DIR)/Henry'sJoy.app/$(BUNDLE_EXECUTABLE_FOLDER_PATH)/Henry'sJoy";
			};
			name = Debug;
		};
		28C619DF2B76AAEF00331B31 /* Release */ = {
			isa = XCBuildConfiguration;
			buildSettings = {
				ALWAYS_EMBED_SWIFT_STANDARD_LIBRARIES = YES;
				BUNDLE_LOADER = "$(TEST_HOST)";
				CODE_SIGN_STYLE = Automatic;
				CURRENT_PROJECT_VERSION = 1;
				GENERATE_INFOPLIST_FILE = YES;
				IPHONEOS_DEPLOYMENT_TARGET = 17.2;
				MACOSX_DEPLOYMENT_TARGET = 14.2;
				MARKETING_VERSION = 1.0;
				PRODUCT_BUNDLE_IDENTIFIER = "L.A.Caelius.Henry-sJoyTests";
				PRODUCT_NAME = "$(TARGET_NAME)";
				SDKROOT = auto;
				SUPPORTED_PLATFORMS = "iphoneos iphonesimulator macosx";
				SWIFT_EMIT_LOC_STRINGS = NO;
				SWIFT_VERSION = 5.0;
				TARGETED_DEVICE_FAMILY = "1,2";
				TEST_HOST = "$(BUILT_PRODUCTS_DIR)/Henry'sJoy.app/$(BUNDLE_EXECUTABLE_FOLDER_PATH)/Henry'sJoy";
			};
			name = Release;
		};
		28C619E12B76AAEF00331B31 /* Debug */ = {
			isa = XCBuildConfiguration;
			buildSettings = {
				ALWAYS_EMBED_SWIFT_STANDARD_LIBRARIES = YES;
				CODE_SIGN_STYLE = Automatic;
				CURRENT_PROJECT_VERSION = 1;
				GENERATE_INFOPLIST_FILE = YES;
				IPHONEOS_DEPLOYMENT_TARGET = 17.2;
				MACOSX_DEPLOYMENT_TARGET = 14.2;
				MARKETING_VERSION = 1.0;
				PRODUCT_BUNDLE_IDENTIFIER = "L.A.Caelius.Henry-sJoyUITests";
				PRODUCT_NAME = "$(TARGET_NAME)";
				SDKROOT = auto;
				SUPPORTED_PLATFORMS = "iphoneos iphonesimulator macosx";
				SWIFT_EMIT_LOC_STRINGS = NO;
				SWIFT_VERSION = 5.0;
				TARGETED_DEVICE_FAMILY = "1,2";
				TEST_TARGET_NAME = "Henry'sJoy";
			};
			name = Debug;
		};
		28C619E22B76AAEF00331B31 /* Release */ = {
			isa = XCBuildConfiguration;
			buildSettings = {
				ALWAYS_EMBED_SWIFT_STANDARD_LIBRARIES = YES;
				CODE_SIGN_STYLE = Automatic;
				CURRENT_PROJECT_VERSION = 1;
				GENERATE_INFOPLIST_FILE = YES;
				IPHONEOS_DEPLOYMENT_TARGET = 17.2;
				MACOSX_DEPLOYMENT_TARGET = 14.2;
				MARKETING_VERSION = 1.0;
				PRODUCT_BUNDLE_IDENTIFIER = "L.A.Caelius.Henry-sJoyUITests";
				PRODUCT_NAME = "$(TARGET_NAME)";
				SDKROOT = auto;
				SUPPORTED_PLATFORMS = "iphoneos iphonesimulator macosx";
				SWIFT_EMIT_LOC_STRINGS = NO;
				SWIFT_VERSION = 5.0;
				TARGETED_DEVICE_FAMILY = "1,2";
				TEST_TARGET_NAME = "Henry'sJoy";
			};
			name = Release;
		};
/* End XCBuildConfiguration section */

/* Begin XCConfigurationList section */
		28C619B02B76AAED00331B31 /* Build configuration list for PBXProject "Henry'sJoy" */ = {
			isa = XCConfigurationList;
			buildConfigurations = (
				28C619D82B76AAEF00331B31 /* Debug */,
				28C619D92B76AAEF00331B31 /* Release */,
			);
			defaultConfigurationIsVisible = 0;
			defaultConfigurationName = Release;
		};
		28C619DA2B76AAEF00331B31 /* Build configuration list for PBXNativeTarget "Henry'sJoy" */ = {
			isa = XCConfigurationList;
			buildConfigurations = (
				28C619DB2B76AAEF00331B31 /* Debug */,
				28C619DC2B76AAEF00331B31 /* Release */,
			);
			defaultConfigurationIsVisible = 0;
			defaultConfigurationName = Release;
		};
		28C619DD2B76AAEF00331B31 /* Build configuration list for PBXNativeTarget "Henry'sJoyTests" */ = {
			isa = XCConfigurationList;
			buildConfigurations = (
				28C619DE2B76AAEF00331B31 /* Debug */,
				28C619DF2B76AAEF00331B31 /* Release */,
			);
			defaultConfigurationIsVisible = 0;
			defaultConfigurationName = Release;
		};
		28C619E02B76AAEF00331B31 /* Build configuration list for PBXNativeTarget "Henry'sJoyUITests" */ = {
			isa = XCConfigurationList;
			buildConfigurations = (
				28C619E12B76AAEF00331B31 /* Debug */,
				28C619E22B76AAEF00331B31 /* Release */,
			);
			defaultConfigurationIsVisible = 0;
			defaultConfigurationName = Release;
		};
/* End XCConfigurationList section */
	};
	rootObject = 28C619AD2B76AAED00331B31 /* Project object */;
}
